PODS:
  - FDFullscreenPopGesture (1.1)
  - KKGestureLockView (1.0.0)
  - RESideMenu (4.0.7)

DEPENDENCIES:
  - FDFullscreenPopGesture (= 1.1)
  - KKGestureLockView
  - RESideMenu (~> 4.0.7)

SPEC CHECKSUMS:
  FDFullscreenPopGesture: a8a620179e3d9c40e8e00256dcee1c1a27c6d0f0
  KKGestureLockView: b27a33d2fe7995cd3c5e548dab1a8db7947322b8
  RESideMenu: f24c508404b49c667344c54aba7e590883533958

COCOAPODS: 0.39.0
