// !$*UTF8*$!
{
	archiveVersion = 1;
	classes = {
	};
	objectVersion = 46;
	objects = {

/* Begin PBXBuildFile section */
		4C0132471BBE55E50069129D /* User.m in Sources */ = {isa = PBXBuildFile; fileRef = 4C0132461BBE55E50069129D /* User.m */; settings = {ASSET_TAGS = (); }; };
		4C01324A1BBE57280069129D /* LoginViewController.m in Sources */ = {isa = PBXBuildFile; fileRef = 4C0132491BBE57280069129D /* LoginViewController.m */; settings = {ASSET_TAGS = (); }; };
		4C01324D1BBE5F010069129D /* AppDelegate+LockView.m in Sources */ = {isa = PBXBuildFile; fileRef = 4C01324C1BBE5F010069129D /* AppDelegate+LockView.m */; settings = {ASSET_TAGS = (); }; };
		4C0132541BBE64C80069129D /* LoginViewController.xib in Resources */ = {isa = PBXBuildFile; fileRef = 4C0132531BBE64C80069129D /* LoginViewController.xib */; settings = {ASSET_TAGS = (); }; };
		4C0132581BBFF72D0069129D /* SWRevealViewController.m in Sources */ = {isa = PBXBuildFile; fileRef = 4C0132571BBFF72D0069129D /* SWRevealViewController.m */; settings = {ASSET_TAGS = (); }; };
		4C3EB3141B9E80D3006925C1 /* AllListsViewController.m in Sources */ = {isa = PBXBuildFile; fileRef = 4C3EB30B1B9E80D3006925C1 /* AllListsViewController.m */; };
		4C3EB3151B9E80D3006925C1 /* ChecklistViewController.m in Sources */ = {isa = PBXBuildFile; fileRef = 4C3EB30D1B9E80D3006925C1 /* ChecklistViewController.m */; };
		4C3EB3161B9E80D3006925C1 /* IconPickerViewController.m in Sources */ = {isa = PBXBuildFile; fileRef = 4C3EB30F1B9E80D3006925C1 /* IconPickerViewController.m */; };
		4C3EB3171B9E80D3006925C1 /* ItemDetailViewController.m in Sources */ = {isa = PBXBuildFile; fileRef = 4C3EB3111B9E80D3006925C1 /* ItemDetailViewController.m */; };
		4C3EB3181B9E80D3006925C1 /* ListDetailViewController.m in Sources */ = {isa = PBXBuildFile; fileRef = 4C3EB3131B9E80D3006925C1 /* ListDetailViewController.m */; };
		4C3EB31F1B9E8136006925C1 /* Checklist.m in Sources */ = {isa = PBXBuildFile; fileRef = 4C3EB31A1B9E8136006925C1 /* Checklist.m */; };
		4C3EB3201B9E8136006925C1 /* ChecklistItem.m in Sources */ = {isa = PBXBuildFile; fileRef = 4C3EB31C1B9E8136006925C1 /* ChecklistItem.m */; };
		4C3EB3211B9E8136006925C1 /* DataModel.m in Sources */ = {isa = PBXBuildFile; fileRef = 4C3EB31E1B9E8136006925C1 /* DataModel.m */; };
		4C3EB37A1B9EC9AD006925C1 /* HUTransitionAnimator.m in Sources */ = {isa = PBXBuildFile; fileRef = 4C3EB36E1B9EC9AD006925C1 /* HUTransitionAnimator.m */; };
		4C3EB37B1B9EC9AD006925C1 /* HUTransitionGhostAnimator.m in Sources */ = {isa = PBXBuildFile; fileRef = 4C3EB3701B9EC9AD006925C1 /* HUTransitionGhostAnimator.m */; };
		4C3EB37C1B9EC9AD006925C1 /* HUTransitionHorizontalLinesAnimator.m in Sources */ = {isa = PBXBuildFile; fileRef = 4C3EB3721B9EC9AD006925C1 /* HUTransitionHorizontalLinesAnimator.m */; };
		4C3EB37D1B9EC9AD006925C1 /* HUTransitionVerticalLinesAnimator.m in Sources */ = {isa = PBXBuildFile; fileRef = 4C3EB3741B9EC9AD006925C1 /* HUTransitionVerticalLinesAnimator.m */; };
		4C3EB37E1B9EC9AD006925C1 /* UIViewController+Animator.m in Sources */ = {isa = PBXBuildFile; fileRef = 4C3EB3771B9EC9AD006925C1 /* UIViewController+Animator.m */; };
		4C3EB37F1B9EC9AD006925C1 /* ZBFallenBricksAnimator.m in Sources */ = {isa = PBXBuildFile; fileRef = 4C3EB3791B9EC9AD006925C1 /* ZBFallenBricksAnimator.m */; };
		4C8DCF911B96AABC00E4C208 /* main.m in Sources */ = {isa = PBXBuildFile; fileRef = 4C8DCF901B96AABC00E4C208 /* main.m */; };
		4C8DCF941B96AABC00E4C208 /* AppDelegate.m in Sources */ = {isa = PBXBuildFile; fileRef = 4C8DCF931B96AABC00E4C208 /* AppDelegate.m */; };
		4C8DCF9A1B96AABC00E4C208 /* Main.storyboard in Resources */ = {isa = PBXBuildFile; fileRef = 4C8DCF981B96AABC00E4C208 /* Main.storyboard */; };
		4C8DCF9C1B96AABC00E4C208 /* Images.xcassets in Resources */ = {isa = PBXBuildFile; fileRef = 4C8DCF9B1B96AABC00E4C208 /* Images.xcassets */; };
		4C8DCF9F1B96AABC00E4C208 /* LaunchScreen.xib in Resources */ = {isa = PBXBuildFile; fileRef = 4C8DCF9D1B96AABC00E4C208 /* LaunchScreen.xib */; };
		4C8DCFAB1B96AABC00E4C208 /* CheckListTests.m in Sources */ = {isa = PBXBuildFile; fileRef = 4C8DCFAA1B96AABC00E4C208 /* CheckListTests.m */; };
		521843761DB4680D898CA234 /* libPods-CheckList.a in Frameworks */ = {isa = PBXBuildFile; fileRef = 2EC1842D190EEA4288F9C0AD /* libPods-CheckList.a */; };
/* End PBXBuildFile section */

/* Begin PBXContainerItemProxy section */
		4C8DCFA51B96AABC00E4C208 /* PBXContainerItemProxy */ = {
			isa = PBXContainerItemProxy;
			containerPortal = 4C8DCF831B96AABC00E4C208 /* Project object */;
			proxyType = 1;
			remoteGlobalIDString = 4C8DCF8A1B96AABC00E4C208;
			remoteInfo = CheckList;
		};
/* End PBXContainerItemProxy section */

/* Begin PBXFileReference section */
		1FFA9DA9C4C4AC8524457E03 /* Pods-CheckList.debug.xcconfig */ = {isa = PBXFileReference; includeInIndex = 1; lastKnownFileType = text.xcconfig; name = "Pods-CheckList.debug.xcconfig"; path = "Pods/Target Support Files/Pods-CheckList/Pods-CheckList.debug.xcconfig"; sourceTree = "<group>"; };
		2EC1842D190EEA4288F9C0AD /* libPods-CheckList.a */ = {isa = PBXFileReference; explicitFileType = archive.ar; includeInIndex = 0; path = "libPods-CheckList.a"; sourceTree = BUILT_PRODUCTS_DIR; };
		4C0132451BBE55E50069129D /* User.h */ = {isa = PBXFileReference; fileEncoding = 4; lastKnownFileType = sourcecode.c.h; name = User.h; path = Model/User.h; sourceTree = "<group>"; };
		4C0132461BBE55E50069129D /* User.m */ = {isa = PBXFileReference; fileEncoding = 4; lastKnownFileType = sourcecode.c.objc; name = User.m; path = Model/User.m; sourceTree = "<group>"; };
		4C0132481BBE57280069129D /* LoginViewController.h */ = {isa = PBXFileReference; fileEncoding = 4; lastKnownFileType = sourcecode.c.h; name = LoginViewController.h; path = Controller/LoginViewController.h; sourceTree = "<group>"; };
		4C0132491BBE57280069129D /* LoginViewController.m */ = {isa = PBXFileReference; fileEncoding = 4; lastKnownFileType = sourcecode.c.objc; name = LoginViewController.m; path = Controller/LoginViewController.m; sourceTree = "<group>"; };
		4C01324B1BBE5F010069129D /* AppDelegate+LockView.h */ = {isa = PBXFileReference; fileEncoding = 4; lastKnownFileType = sourcecode.c.h; path = "AppDelegate+LockView.h"; sourceTree = "<group>"; };
		4C01324C1BBE5F010069129D /* AppDelegate+LockView.m */ = {isa = PBXFileReference; fileEncoding = 4; lastKnownFileType = sourcecode.c.objc; path = "AppDelegate+LockView.m"; sourceTree = "<group>"; };
		4C0132531BBE64C80069129D /* LoginViewController.xib */ = {isa = PBXFileReference; fileEncoding = 4; lastKnownFileType = file.xib; name = LoginViewController.xib; path = Controller/LoginViewController.xib; sourceTree = "<group>"; };
		4C0132561BBFF72D0069129D /* SWRevealViewController.h */ = {isa = PBXFileReference; fileEncoding = 4; lastKnownFileType = sourcecode.c.h; path = SWRevealViewController.h; sourceTree = "<group>"; };
		4C0132571BBFF72D0069129D /* SWRevealViewController.m */ = {isa = PBXFileReference; fileEncoding = 4; lastKnownFileType = sourcecode.c.objc; path = SWRevealViewController.m; sourceTree = "<group>"; };
		4C3EB30A1B9E80D3006925C1 /* AllListsViewController.h */ = {isa = PBXFileReference; fileEncoding = 4; lastKnownFileType = sourcecode.c.h; name = AllListsViewController.h; path = Controller/AllListsViewController.h; sourceTree = "<group>"; };
		4C3EB30B1B9E80D3006925C1 /* AllListsViewController.m */ = {isa = PBXFileReference; fileEncoding = 4; lastKnownFileType = sourcecode.c.objc; name = AllListsViewController.m; path = Controller/AllListsViewController.m; sourceTree = "<group>"; };
		4C3EB30C1B9E80D3006925C1 /* ChecklistViewController.h */ = {isa = PBXFileReference; fileEncoding = 4; lastKnownFileType = sourcecode.c.h; name = ChecklistViewController.h; path = Controller/ChecklistViewController.h; sourceTree = "<group>"; };
		4C3EB30D1B9E80D3006925C1 /* ChecklistViewController.m */ = {isa = PBXFileReference; fileEncoding = 4; lastKnownFileType = sourcecode.c.objc; name = ChecklistViewController.m; path = Controller/ChecklistViewController.m; sourceTree = "<group>"; };
		4C3EB30E1B9E80D3006925C1 /* IconPickerViewController.h */ = {isa = PBXFileReference; fileEncoding = 4; lastKnownFileType = sourcecode.c.h; name = IconPickerViewController.h; path = Controller/IconPickerViewController.h; sourceTree = "<group>"; };
		4C3EB30F1B9E80D3006925C1 /* IconPickerViewController.m */ = {isa = PBXFileReference; fileEncoding = 4; lastKnownFileType = sourcecode.c.objc; name = IconPickerViewController.m; path = Controller/IconPickerViewController.m; sourceTree = "<group>"; };
		4C3EB3101B9E80D3006925C1 /* ItemDetailViewController.h */ = {isa = PBXFileReference; fileEncoding = 4; lastKnownFileType = sourcecode.c.h; name = ItemDetailViewController.h; path = Controller/ItemDetailViewController.h; sourceTree = "<group>"; };
		4C3EB3111B9E80D3006925C1 /* ItemDetailViewController.m */ = {isa = PBXFileReference; fileEncoding = 4; lastKnownFileType = sourcecode.c.objc; name = ItemDetailViewController.m; path = Controller/ItemDetailViewController.m; sourceTree = "<group>"; };
		4C3EB3121B9E80D3006925C1 /* ListDetailViewController.h */ = {isa = PBXFileReference; fileEncoding = 4; lastKnownFileType = sourcecode.c.h; name = ListDetailViewController.h; path = Controller/ListDetailViewController.h; sourceTree = "<group>"; };
		4C3EB3131B9E80D3006925C1 /* ListDetailViewController.m */ = {isa = PBXFileReference; fileEncoding = 4; lastKnownFileType = sourcecode.c.objc; name = ListDetailViewController.m; path = Controller/ListDetailViewController.m; sourceTree = "<group>"; };
		4C3EB3191B9E8136006925C1 /* Checklist.h */ = {isa = PBXFileReference; fileEncoding = 4; lastKnownFileType = sourcecode.c.h; name = Checklist.h; path = Model/Checklist.h; sourceTree = "<group>"; };
		4C3EB31A1B9E8136006925C1 /* Checklist.m */ = {isa = PBXFileReference; fileEncoding = 4; lastKnownFileType = sourcecode.c.objc; name = Checklist.m; path = Model/Checklist.m; sourceTree = "<group>"; };
		4C3EB31B1B9E8136006925C1 /* ChecklistItem.h */ = {isa = PBXFileReference; fileEncoding = 4; lastKnownFileType = sourcecode.c.h; name = ChecklistItem.h; path = Model/ChecklistItem.h; sourceTree = "<group>"; };
		4C3EB31C1B9E8136006925C1 /* ChecklistItem.m */ = {isa = PBXFileReference; fileEncoding = 4; lastKnownFileType = sourcecode.c.objc; name = ChecklistItem.m; path = Model/ChecklistItem.m; sourceTree = "<group>"; };
		4C3EB31D1B9E8136006925C1 /* DataModel.h */ = {isa = PBXFileReference; fileEncoding = 4; lastKnownFileType = sourcecode.c.h; name = DataModel.h; path = Model/DataModel.h; sourceTree = "<group>"; };
		4C3EB31E1B9E8136006925C1 /* DataModel.m */ = {isa = PBXFileReference; fileEncoding = 4; lastKnownFileType = sourcecode.c.objc; name = DataModel.m; path = Model/DataModel.m; sourceTree = "<group>"; };
		4C3EB36D1B9EC9AD006925C1 /* HUTransitionAnimator.h */ = {isa = PBXFileReference; fileEncoding = 4; lastKnownFileType = sourcecode.c.h; path = HUTransitionAnimator.h; sourceTree = "<group>"; };
		4C3EB36E1B9EC9AD006925C1 /* HUTransitionAnimator.m */ = {isa = PBXFileReference; fileEncoding = 4; lastKnownFileType = sourcecode.c.objc; path = HUTransitionAnimator.m; sourceTree = "<group>"; };
		4C3EB36F1B9EC9AD006925C1 /* HUTransitionGhostAnimator.h */ = {isa = PBXFileReference; fileEncoding = 4; lastKnownFileType = sourcecode.c.h; path = HUTransitionGhostAnimator.h; sourceTree = "<group>"; };
		4C3EB3701B9EC9AD006925C1 /* HUTransitionGhostAnimator.m */ = {isa = PBXFileReference; fileEncoding = 4; lastKnownFileType = sourcecode.c.objc; path = HUTransitionGhostAnimator.m; sourceTree = "<group>"; };
		4C3EB3711B9EC9AD006925C1 /* HUTransitionHorizontalLinesAnimator.h */ = {isa = PBXFileReference; fileEncoding = 4; lastKnownFileType = sourcecode.c.h; path = HUTransitionHorizontalLinesAnimator.h; sourceTree = "<group>"; };
		4C3EB3721B9EC9AD006925C1 /* HUTransitionHorizontalLinesAnimator.m */ = {isa = PBXFileReference; fileEncoding = 4; lastKnownFileType = sourcecode.c.objc; path = HUTransitionHorizontalLinesAnimator.m; sourceTree = "<group>"; };
		4C3EB3731B9EC9AD006925C1 /* HUTransitionVerticalLinesAnimator.h */ = {isa = PBXFileReference; fileEncoding = 4; lastKnownFileType = sourcecode.c.h; path = HUTransitionVerticalLinesAnimator.h; sourceTree = "<group>"; };
		4C3EB3741B9EC9AD006925C1 /* HUTransitionVerticalLinesAnimator.m */ = {isa = PBXFileReference; fileEncoding = 4; lastKnownFileType = sourcecode.c.objc; path = HUTransitionVerticalLinesAnimator.m; sourceTree = "<group>"; };
		4C3EB3761B9EC9AD006925C1 /* UIViewController+Animator.h */ = {isa = PBXFileReference; fileEncoding = 4; lastKnownFileType = sourcecode.c.h; path = "UIViewController+Animator.h"; sourceTree = "<group>"; };
		4C3EB3771B9EC9AD006925C1 /* UIViewController+Animator.m */ = {isa = PBXFileReference; fileEncoding = 4; lastKnownFileType = sourcecode.c.objc; path = "UIViewController+Animator.m"; sourceTree = "<group>"; };
		4C3EB3781B9EC9AD006925C1 /* ZBFallenBricksAnimator.h */ = {isa = PBXFileReference; fileEncoding = 4; lastKnownFileType = sourcecode.c.h; path = ZBFallenBricksAnimator.h; sourceTree = "<group>"; };
		4C3EB3791B9EC9AD006925C1 /* ZBFallenBricksAnimator.m */ = {isa = PBXFileReference; fileEncoding = 4; lastKnownFileType = sourcecode.c.objc; path = ZBFallenBricksAnimator.m; sourceTree = "<group>"; };
		4C8DCF8B1B96AABC00E4C208 /* CheckList.app */ = {isa = PBXFileReference; explicitFileType = wrapper.application; includeInIndex = 0; path = CheckList.app; sourceTree = BUILT_PRODUCTS_DIR; };
		4C8DCF8F1B96AABC00E4C208 /* Info.plist */ = {isa = PBXFileReference; lastKnownFileType = text.plist.xml; path = Info.plist; sourceTree = "<group>"; };
		4C8DCF901B96AABC00E4C208 /* main.m */ = {isa = PBXFileReference; lastKnownFileType = sourcecode.c.objc; path = main.m; sourceTree = "<group>"; };
		4C8DCF921B96AABC00E4C208 /* AppDelegate.h */ = {isa = PBXFileReference; lastKnownFileType = sourcecode.c.h; path = AppDelegate.h; sourceTree = "<group>"; };
		4C8DCF931B96AABC00E4C208 /* AppDelegate.m */ = {isa = PBXFileReference; lastKnownFileType = sourcecode.c.objc; path = AppDelegate.m; sourceTree = "<group>"; };
		4C8DCF991B96AABC00E4C208 /* Base */ = {isa = PBXFileReference; lastKnownFileType = file.storyboard; name = Base; path = Base.lproj/Main.storyboard; sourceTree = "<group>"; };
		4C8DCF9B1B96AABC00E4C208 /* Images.xcassets */ = {isa = PBXFileReference; lastKnownFileType = folder.assetcatalog; path = Images.xcassets; sourceTree = "<group>"; };
		4C8DCF9E1B96AABC00E4C208 /* Base */ = {isa = PBXFileReference; lastKnownFileType = file.xib; name = Base; path = Base.lproj/LaunchScreen.xib; sourceTree = "<group>"; };
		4C8DCFA41B96AABC00E4C208 /* CheckListTests.xctest */ = {isa = PBXFileReference; explicitFileType = wrapper.cfbundle; includeInIndex = 0; path = CheckListTests.xctest; sourceTree = BUILT_PRODUCTS_DIR; };
		4C8DCFA91B96AABC00E4C208 /* Info.plist */ = {isa = PBXFileReference; lastKnownFileType = text.plist.xml; path = Info.plist; sourceTree = "<group>"; };
		4C8DCFAA1B96AABC00E4C208 /* CheckListTests.m */ = {isa = PBXFileReference; lastKnownFileType = sourcecode.c.objc; path = CheckListTests.m; sourceTree = "<group>"; };
		4CF204DC1BC365E200FAD11D /* UIColorMacros.h */ = {isa = PBXFileReference; lastKnownFileType = sourcecode.c.h; name = UIColorMacros.h; path = ../UIColorMacros.h; sourceTree = "<group>"; };
		554AC2739414469538EEA2FB /* Pods-CheckList.release.xcconfig */ = {isa = PBXFileReference; includeInIndex = 1; lastKnownFileType = text.xcconfig; name = "Pods-CheckList.release.xcconfig"; path = "Pods/Target Support Files/Pods-CheckList/Pods-CheckList.release.xcconfig"; sourceTree = "<group>"; };
/* End PBXFileReference section */

/* Begin PBXFrameworksBuildPhase section */
		4C8DCF881B96AABC00E4C208 /* Frameworks */ = {
			isa = PBXFrameworksBuildPhase;
			buildActionMask = 2147483647;
			files = (
				521843761DB4680D898CA234 /* libPods-CheckList.a in Frameworks */,
			);
			runOnlyForDeploymentPostprocessing = 0;
		};
		4C8DCFA11B96AABC00E4C208 /* Frameworks */ = {
			isa = PBXFrameworksBuildPhase;
			buildActionMask = 2147483647;
			files = (
			);
			runOnlyForDeploymentPostprocessing = 0;
		};
/* End PBXFrameworksBuildPhase section */

/* Begin PBXGroup section */
		0D137132AE7CF7EB38D8DA57 /* Frameworks */ = {
			isa = PBXGroup;
			children = (
				2EC1842D190EEA4288F9C0AD /* libPods-CheckList.a */,
			);
			name = Frameworks;
			sourceTree = "<group>";
		};
		4C0132551BBFD9080069129D /* SWRevealViewController */ = {
			isa = PBXGroup;
			children = (
				4C0132561BBFF72D0069129D /* SWRevealViewController.h */,
				4C0132571BBFF72D0069129D /* SWRevealViewController.m */,
			);
			path = SWRevealViewController;
			sourceTree = "<group>";
		};
		4C1853BD1B9C1763004125AA /* Model */ = {
			isa = PBXGroup;
			children = (
				4C3EB3191B9E8136006925C1 /* Checklist.h */,
				4C3EB31A1B9E8136006925C1 /* Checklist.m */,
				4C3EB31B1B9E8136006925C1 /* ChecklistItem.h */,
				4C3EB31C1B9E8136006925C1 /* ChecklistItem.m */,
				4C3EB31D1B9E8136006925C1 /* DataModel.h */,
				4C3EB31E1B9E8136006925C1 /* DataModel.m */,
				4C0132451BBE55E50069129D /* User.h */,
				4C0132461BBE55E50069129D /* User.m */,
			);
			name = Model;
			sourceTree = "<group>";
		};
		4C211D931BB926B10032A0FA /* View */ = {
			isa = PBXGroup;
			children = (
				4C8DCF981B96AABC00E4C208 /* Main.storyboard */,
			);
			path = View;
			sourceTree = "<group>";
		};
		4C3EB3091B9E80BB006925C1 /* Controller */ = {
			isa = PBXGroup;
			children = (
				4C3EB30A1B9E80D3006925C1 /* AllListsViewController.h */,
				4C3EB30B1B9E80D3006925C1 /* AllListsViewController.m */,
				4C3EB30C1B9E80D3006925C1 /* ChecklistViewController.h */,
				4C3EB30D1B9E80D3006925C1 /* ChecklistViewController.m */,
				4C3EB30E1B9E80D3006925C1 /* IconPickerViewController.h */,
				4C3EB30F1B9E80D3006925C1 /* IconPickerViewController.m */,
				4C3EB3101B9E80D3006925C1 /* ItemDetailViewController.h */,
				4C3EB3111B9E80D3006925C1 /* ItemDetailViewController.m */,
				4C3EB3121B9E80D3006925C1 /* ListDetailViewController.h */,
				4C3EB3131B9E80D3006925C1 /* ListDetailViewController.m */,
				4C0132481BBE57280069129D /* LoginViewController.h */,
				4C0132491BBE57280069129D /* LoginViewController.m */,
				4C0132531BBE64C80069129D /* LoginViewController.xib */,
			);
			name = Controller;
			sourceTree = "<group>";
		};
		4C3EB36B1B9EC9AD006925C1 /* Vendor */ = {
			isa = PBXGroup;
			children = (
				4CF204DC1BC365E200FAD11D /* UIColorMacros.h */,
				4C0132551BBFD9080069129D /* SWRevealViewController */,
				4C3EB36C1B9EC9AD006925C1 /* HUAnimator */,
				4C3EB3751B9EC9AD006925C1 /* ZBCustomTransitions */,
			);
			path = Vendor;
			sourceTree = "<group>";
		};
		4C3EB36C1B9EC9AD006925C1 /* HUAnimator */ = {
			isa = PBXGroup;
			children = (
				4C3EB36D1B9EC9AD006925C1 /* HUTransitionAnimator.h */,
				4C3EB36E1B9EC9AD006925C1 /* HUTransitionAnimator.m */,
				4C3EB36F1B9EC9AD006925C1 /* HUTransitionGhostAnimator.h */,
				4C3EB3701B9EC9AD006925C1 /* HUTransitionGhostAnimator.m */,
				4C3EB3711B9EC9AD006925C1 /* HUTransitionHorizontalLinesAnimator.h */,
				4C3EB3721B9EC9AD006925C1 /* HUTransitionHorizontalLinesAnimator.m */,
				4C3EB3731B9EC9AD006925C1 /* HUTransitionVerticalLinesAnimator.h */,
				4C3EB3741B9EC9AD006925C1 /* HUTransitionVerticalLinesAnimator.m */,
			);
			path = HUAnimator;
			sourceTree = "<group>";
		};
		4C3EB3751B9EC9AD006925C1 /* ZBCustomTransitions */ = {
			isa = PBXGroup;
			children = (
				4C3EB3761B9EC9AD006925C1 /* UIViewController+Animator.h */,
				4C3EB3771B9EC9AD006925C1 /* UIViewController+Animator.m */,
				4C3EB3781B9EC9AD006925C1 /* ZBFallenBricksAnimator.h */,
				4C3EB3791B9EC9AD006925C1 /* ZBFallenBricksAnimator.m */,
			);
			path = ZBCustomTransitions;
			sourceTree = "<group>";
		};
		4C8DCF821B96AABC00E4C208 = {
			isa = PBXGroup;
			children = (
				4C3EB36B1B9EC9AD006925C1 /* Vendor */,
				4C8DCF8D1B96AABC00E4C208 /* CheckList */,
				4C8DCFA71B96AABC00E4C208 /* CheckListTests */,
				4C8DCF8C1B96AABC00E4C208 /* Products */,
				D207EF66D1967C062771623D /* Pods */,
				0D137132AE7CF7EB38D8DA57 /* Frameworks */,
			);
			sourceTree = "<group>";
		};
		4C8DCF8C1B96AABC00E4C208 /* Products */ = {
			isa = PBXGroup;
			children = (
				4C8DCF8B1B96AABC00E4C208 /* CheckList.app */,
				4C8DCFA41B96AABC00E4C208 /* CheckListTests.xctest */,
			);
			name = Products;
			sourceTree = "<group>";
		};
		4C8DCF8D1B96AABC00E4C208 /* CheckList */ = {
			isa = PBXGroup;
			children = (
				4C211D931BB926B10032A0FA /* View */,
				4C3EB3091B9E80BB006925C1 /* Controller */,
				4C1853BD1B9C1763004125AA /* Model */,
				4C8DCF8E1B96AABC00E4C208 /* Supporting Files */,
			);
			path = CheckList;
			sourceTree = "<group>";
		};
		4C8DCF8E1B96AABC00E4C208 /* Supporting Files */ = {
			isa = PBXGroup;
			children = (
				4C8DCF921B96AABC00E4C208 /* AppDelegate.h */,
				4C8DCF931B96AABC00E4C208 /* AppDelegate.m */,
				4C8DCF9B1B96AABC00E4C208 /* Images.xcassets */,
				4C8DCF9D1B96AABC00E4C208 /* LaunchScreen.xib */,
				4C8DCF8F1B96AABC00E4C208 /* Info.plist */,
				4C8DCF901B96AABC00E4C208 /* main.m */,
				4C01324B1BBE5F010069129D /* AppDelegate+LockView.h */,
				4C01324C1BBE5F010069129D /* AppDelegate+LockView.m */,
			);
			name = "Supporting Files";
			sourceTree = "<group>";
		};
		4C8DCFA71B96AABC00E4C208 /* CheckListTests */ = {
			isa = PBXGroup;
			children = (
				4C8DCFAA1B96AABC00E4C208 /* CheckListTests.m */,
				4C8DCFA81B96AABC00E4C208 /* Supporting Files */,
			);
			path = CheckListTests;
			sourceTree = "<group>";
		};
		4C8DCFA81B96AABC00E4C208 /* Supporting Files */ = {
			isa = PBXGroup;
			children = (
				4C8DCFA91B96AABC00E4C208 /* Info.plist */,
			);
			name = "Supporting Files";
			sourceTree = "<group>";
		};
		D207EF66D1967C062771623D /* Pods */ = {
			isa = PBXGroup;
			children = (
				1FFA9DA9C4C4AC8524457E03 /* Pods-CheckList.debug.xcconfig */,
				554AC2739414469538EEA2FB /* Pods-CheckList.release.xcconfig */,
			);
			name = Pods;
			sourceTree = "<group>";
		};
/* End PBXGroup section */

/* Begin PBXNativeTarget section */
		4C8DCF8A1B96AABC00E4C208 /* CheckList */ = {
			isa = PBXNativeTarget;
			buildConfigurationList = 4C8DCFAE1B96AABC00E4C208 /* Build configuration list for PBXNativeTarget "CheckList" */;
			buildPhases = (
				62769AED554C9C870D76DEDD /* Check Pods Manifest.lock */,
				4C8DCF871B96AABC00E4C208 /* Sources */,
				4C8DCF881B96AABC00E4C208 /* Frameworks */,
				4C8DCF891B96AABC00E4C208 /* Resources */,
				AC3E645C5A218F71374F0171 /* Copy Pods Resources */,
			);
			buildRules = (
			);
			dependencies = (
			);
			name = CheckList;
			productName = CheckList;
			productReference = 4C8DCF8B1B96AABC00E4C208 /* CheckList.app */;
			productType = "com.apple.product-type.application";
		};
		4C8DCFA31B96AABC00E4C208 /* CheckListTests */ = {
			isa = PBXNativeTarget;
			buildConfigurationList = 4C8DCFB11B96AABC00E4C208 /* Build configuration list for PBXNativeTarget "CheckListTests" */;
			buildPhases = (
				4C8DCFA01B96AABC00E4C208 /* Sources */,
				4C8DCFA11B96AABC00E4C208 /* Frameworks */,
				4C8DCFA21B96AABC00E4C208 /* Resources */,
			);
			buildRules = (
			);
			dependencies = (
				4C8DCFA61B96AABC00E4C208 /* PBXTargetDependency */,
			);
			name = CheckListTests;
			productName = CheckListTests;
			productReference = 4C8DCFA41B96AABC00E4C208 /* CheckListTests.xctest */;
			productType = "com.apple.product-type.bundle.unit-test";
		};
/* End PBXNativeTarget section */

/* Begin PBXProject section */
		4C8DCF831B96AABC00E4C208 /* Project object */ = {
			isa = PBXProject;
			attributes = {
				LastUpgradeCheck = 0700;
				ORGANIZATIONNAME = "Michael's None-Exist Company";
				TargetAttributes = {
					4C8DCF8A1B96AABC00E4C208 = {
						CreatedOnToolsVersion = 6.4;
					};
					4C8DCFA31B96AABC00E4C208 = {
						CreatedOnToolsVersion = 6.4;
						TestTargetID = 4C8DCF8A1B96AABC00E4C208;
					};
				};
			};
			buildConfigurationList = 4C8DCF861B96AABC00E4C208 /* Build configuration list for PBXProject "CheckList" */;
			compatibilityVersion = "Xcode 3.2";
			developmentRegion = English;
			hasScannedForEncodings = 0;
			knownRegions = (
				en,
				Base,
			);
			mainGroup = 4C8DCF821B96AABC00E4C208;
			productRefGroup = 4C8DCF8C1B96AABC00E4C208 /* Products */;
			projectDirPath = "";
			projectRoot = "";
			targets = (
				4C8DCF8A1B96AABC00E4C208 /* CheckList */,
				4C8DCFA31B96AABC00E4C208 /* CheckListTests */,
			);
		};
/* End PBXProject section */

/* Begin PBXResourcesBuildPhase section */
		4C8DCF891B96AABC00E4C208 /* Resources */ = {
			isa = PBXResourcesBuildPhase;
			buildActionMask = 2147483647;
			files = (
				4C0132541BBE64C80069129D /* LoginViewController.xib in Resources */,
				4C8DCF9A1B96AABC00E4C208 /* Main.storyboard in Resources */,
				4C8DCF9F1B96AABC00E4C208 /* LaunchScreen.xib in Resources */,
				4C8DCF9C1B96AABC00E4C208 /* Images.xcassets in Resources */,
			);
			runOnlyForDeploymentPostprocessing = 0;
		};
		4C8DCFA21B96AABC00E4C208 /* Resources */ = {
			isa = PBXResourcesBuildPhase;
			buildActionMask = 2147483647;
			files = (
			);
			runOnlyForDeploymentPostprocessing = 0;
		};
/* End PBXResourcesBuildPhase section */

/* Begin PBXShellScriptBuildPhase section */
		62769AED554C9C870D76DEDD /* Check Pods Manifest.lock */ = {
			isa = PBXShellScriptBuildPhase;
			buildActionMask = 2147483647;
			files = (
			);
			inputPaths = (
			);
			name = "Check Pods Manifest.lock";
			outputPaths = (
			);
			runOnlyForDeploymentPostprocessing = 0;
			shellPath = /bin/sh;
			shellScript = "diff \"${PODS_ROOT}/../Podfile.lock\" \"${PODS_ROOT}/Manifest.lock\" > /dev/null\nif [[ $? != 0 ]] ; then\n    cat << EOM\nerror: The sandbox is not in sync with the Podfile.lock. Run 'pod install' or update your CocoaPods installation.\nEOM\n    exit 1\nfi\n";
			showEnvVarsInLog = 0;
		};
		AC3E645C5A218F71374F0171 /* Copy Pods Resources */ = {
			isa = PBXShellScriptBuildPhase;
			buildActionMask = 2147483647;
			files = (
			);
			inputPaths = (
			);
			name = "Copy Pods Resources";
			outputPaths = (
			);
			runOnlyForDeploymentPostprocessing = 0;
			shellPath = /bin/sh;
			shellScript = "\"${SRCROOT}/Pods/Target Support Files/Pods-CheckList/Pods-CheckList-resources.sh\"\n";
			showEnvVarsInLog = 0;
		};
/* End PBXShellScriptBuildPhase section */

/* Begin PBXSourcesBuildPhase section */
		4C8DCF871B96AABC00E4C208 /* Sources */ = {
			isa = PBXSourcesBuildPhase;
			buildActionMask = 2147483647;
			files = (
				4C3EB31F1B9E8136006925C1 /* Checklist.m in Sources */,
				4C3EB3211B9E8136006925C1 /* DataModel.m in Sources */,
				4C8DCF941B96AABC00E4C208 /* AppDelegate.m in Sources */,
				4C3EB3201B9E8136006925C1 /* ChecklistItem.m in Sources */,
				4C0132471BBE55E50069129D /* User.m in Sources */,
				4C3EB37D1B9EC9AD006925C1 /* HUTransitionVerticalLinesAnimator.m in Sources */,
				4C3EB37A1B9EC9AD006925C1 /* HUTransitionAnimator.m in Sources */,
				4C0132581BBFF72D0069129D /* SWRevealViewController.m in Sources */,
				4C3EB3171B9E80D3006925C1 /* ItemDetailViewController.m in Sources */,
				4C3EB37B1B9EC9AD006925C1 /* HUTransitionGhostAnimator.m in Sources */,
				4C3EB3181B9E80D3006925C1 /* ListDetailViewController.m in Sources */,
				4C3EB37E1B9EC9AD006925C1 /* UIViewController+Animator.m in Sources */,
				4C3EB37F1B9EC9AD006925C1 /* ZBFallenBricksAnimator.m in Sources */,
				4C3EB3141B9E80D3006925C1 /* AllListsViewController.m in Sources */,
				4C3EB3161B9E80D3006925C1 /* IconPickerViewController.m in Sources */,
				4C01324A1BBE57280069129D /* LoginViewController.m in Sources */,
				4C01324D1BBE5F010069129D /* AppDelegate+LockView.m in Sources */,
				4C3EB37C1B9EC9AD006925C1 /* HUTransitionHorizontalLinesAnimator.m in Sources */,
				4C3EB3151B9E80D3006925C1 /* ChecklistViewController.m in Sources */,
				4C8DCF911B96AABC00E4C208 /* main.m in Sources */,
			);
			runOnlyForDeploymentPostprocessing = 0;
		};
		4C8DCFA01B96AABC00E4C208 /* Sources */ = {
			isa = PBXSourcesBuildPhase;
			buildActionMask = 2147483647;
			files = (
				4C8DCFAB1B96AABC00E4C208 /* CheckListTests.m in Sources */,
			);
			runOnlyForDeploymentPostprocessing = 0;
		};
/* End PBXSourcesBuildPhase section */

/* Begin PBXTargetDependency section */
		4C8DCFA61B96AABC00E4C208 /* PBXTargetDependency */ = {
			isa = PBXTargetDependency;
			target = 4C8DCF8A1B96AABC00E4C208 /* CheckList */;
			targetProxy = 4C8DCFA51B96AABC00E4C208 /* PBXContainerItemProxy */;
		};
/* End PBXTargetDependency section */

/* Begin PBXVariantGroup section */
		4C8DCF981B96AABC00E4C208 /* Main.storyboard */ = {
			isa = PBXVariantGroup;
			children = (
				4C8DCF991B96AABC00E4C208 /* Base */,
			);
			name = Main.storyboard;
			path = ..;
			sourceTree = "<group>";
		};
		4C8DCF9D1B96AABC00E4C208 /* LaunchScreen.xib */ = {
			isa = PBXVariantGroup;
			children = (
				4C8DCF9E1B96AABC00E4C208 /* Base */,
			);
			name = LaunchScreen.xib;
			sourceTree = "<group>";
		};
/* End PBXVariantGroup section */

/* Begin XCBuildConfiguration section */
		4C8DCFAC1B96AABC00E4C208 /* Debug */ = {
			isa = XCBuildConfiguration;
			buildSettings = {
				ALWAYS_SEARCH_USER_PATHS = NO;
				CLANG_CXX_LANGUAGE_STANDARD = "gnu++0x";
				CLANG_CXX_LIBRARY = "libc++";
				CLANG_ENABLE_MODULES = YES;
				CLANG_ENABLE_OBJC_ARC = YES;
				CLANG_WARN_BOOL_CONVERSION = YES;
				CLANG_WARN_CONSTANT_CONVERSION = YES;
				CLANG_WARN_DIRECT_OBJC_ISA_USAGE = YES_ERROR;
				CLANG_WARN_EMPTY_BODY = YES;
				CLANG_WARN_ENUM_CONVERSION = YES;
				CLANG_WARN_INT_CONVERSION = YES;
				CLANG_WARN_OBJC_ROOT_CLASS = YES_ERROR;
				CLANG_WARN_UNREACHABLE_CODE = YES;
				CLANG_WARN__DUPLICATE_METHOD_MATCH = YES;
				"CODE_SIGN_IDENTITY[sdk=iphoneos*]" = "iPhone Developer";
				COPY_PHASE_STRIP = NO;
				DEBUG_INFORMATION_FORMAT = "dwarf-with-dsym";
				ENABLE_STRICT_OBJC_MSGSEND = YES;
				ENABLE_TESTABILITY = YES;
				GCC_C_LANGUAGE_STANDARD = gnu99;
				GCC_DYNAMIC_NO_PIC = NO;
				GCC_NO_COMMON_BLOCKS = YES;
				GCC_OPTIMIZATION_LEVEL = 0;
				GCC_PREPROCESSOR_DEFINITIONS = (
					"DEBUG=1",
					"$(inherited)",
				);
				GCC_SYMBOLS_PRIVATE_EXTERN = NO;
				GCC_WARN_64_TO_32_BIT_CONVERSION = YES;
				GCC_WARN_ABOUT_RETURN_TYPE = YES_ERROR;
				GCC_WARN_UNDECLARED_SELECTOR = YES;
				GCC_WARN_UNINITIALIZED_AUTOS = YES_AGGRESSIVE;
				GCC_WARN_UNUSED_FUNCTION = YES;
				GCC_WARN_UNUSED_VARIABLE = YES;
				IPHONEOS_DEPLOYMENT_TARGET = 8.4;
				MTL_ENABLE_DEBUG_INFO = YES;
				ONLY_ACTIVE_ARCH = YES;
				SDKROOT = iphoneos;
			};
			name = Debug;
		};
		4C8DCFAD1B96AABC00E4C208 /* Release */ = {
			isa = XCBuildConfiguration;
			buildSettings = {
				ALWAYS_SEARCH_USER_PATHS = NO;
				CLANG_CXX_LANGUAGE_STANDARD = "gnu++0x";
				CLANG_CXX_LIBRARY = "libc++";
				CLANG_ENABLE_MODULES = YES;
				CLANG_ENABLE_OBJC_ARC = YES;
				CLANG_WARN_BOOL_CONVERSION = YES;
				CLANG_WARN_CONSTANT_CONVERSION = YES;
				CLANG_WARN_DIRECT_OBJC_ISA_USAGE = YES_ERROR;
				CLANG_WARN_EMPTY_BODY = YES;
				CLANG_WARN_ENUM_CONVERSION = YES;
				CLANG_WARN_INT_CONVERSION = YES;
				CLANG_WARN_OBJC_ROOT_CLASS = YES_ERROR;
				CLANG_WARN_UNREACHABLE_CODE = YES;
				CLANG_WARN__DUPLICATE_METHOD_MATCH = YES;
				"CODE_SIGN_IDENTITY[sdk=iphoneos*]" = "iPhone Developer";
				COPY_PHASE_STRIP = NO;
				DEBUG_INFORMATION_FORMAT = "dwarf-with-dsym";
				ENABLE_NS_ASSERTIONS = NO;
				ENABLE_STRICT_OBJC_MSGSEND = YES;
				GCC_C_LANGUAGE_STANDARD = gnu99;
				GCC_NO_COMMON_BLOCKS = YES;
				GCC_WARN_64_TO_32_BIT_CONVERSION = YES;
				GCC_WARN_ABOUT_RETURN_TYPE = YES_ERROR;
				GCC_WARN_UNDECLARED_SELECTOR = YES;
				GCC_WARN_UNINITIALIZED_AUTOS = YES_AGGRESSIVE;
				GCC_WARN_UNUSED_FUNCTION = YES;
				GCC_WARN_UNUSED_VARIABLE = YES;
				IPHONEOS_DEPLOYMENT_TARGET = 8.4;
				MTL_ENABLE_DEBUG_INFO = NO;
				SDKROOT = iphoneos;
				VALIDATE_PRODUCT = YES;
			};
			name = Release;
		};
		4C8DCFAF1B96AABC00E4C208 /* Debug */ = {
			isa = XCBuildConfiguration;
			baseConfigurationReference = 1FFA9DA9C4C4AC8524457E03 /* Pods-CheckList.debug.xcconfig */;
			buildSettings = {
				ASSETCATALOG_COMPILER_APPICON_NAME = AppIcon;
				INFOPLIST_FILE = CheckList/Info.plist;
				LD_RUNPATH_SEARCH_PATHS = "$(inherited) @executable_path/Frameworks";
				PRODUCT_BUNDLE_IDENTIFIER = "com.Michael.$(PRODUCT_NAME:rfc1034identifier)";
				PRODUCT_NAME = "$(TARGET_NAME)";
			};
			name = Debug;
		};
		4C8DCFB01B96AABC00E4C208 /* Release */ = {
			isa = XCBuildConfiguration;
			baseConfigurationReference = 554AC2739414469538EEA2FB /* Pods-CheckList.release.xcconfig */;
			buildSettings = {
				ASSETCATALOG_COMPILER_APPICON_NAME = AppIcon;
				INFOPLIST_FILE = CheckList/Info.plist;
				LD_RUNPATH_SEARCH_PATHS = "$(inherited) @executable_path/Frameworks";
				PRODUCT_BUNDLE_IDENTIFIER = "com.Michael.$(PRODUCT_NAME:rfc1034identifier)";
				PRODUCT_NAME = "$(TARGET_NAME)";
			};
			name = Release;
		};
		4C8DCFB21B96AABC00E4C208 /* Debug */ = {
			isa = XCBuildConfiguration;
			buildSettings = {
				BUNDLE_LOADER = "$(TEST_HOST)";
				GCC_PREPROCESSOR_DEFINITIONS = (
					"DEBUG=1",
					"$(inherited)",
				);
				INFOPLIST_FILE = CheckListTests/Info.plist;
				LD_RUNPATH_SEARCH_PATHS = "$(inherited) @executable_path/Frameworks @loader_path/Frameworks";
				PRODUCT_BUNDLE_IDENTIFIER = "com.Michael.$(PRODUCT_NAME:rfc1034identifier)";
				PRODUCT_NAME = "$(TARGET_NAME)";
				TEST_HOST = "$(BUILT_PRODUCTS_DIR)/CheckList.app/CheckList";
			};
			name = Debug;
		};
		4C8DCFB31B96AABC00E4C208 /* Release */ = {
			isa = XCBuildConfiguration;
			buildSettings = {
				BUNDLE_LOADER = "$(TEST_HOST)";
				FRAMEWORK_SEARCH_PATHS = "";
				INFOPLIST_FILE = CheckListTests/Info.plist;
				LD_RUNPATH_SEARCH_PATHS = "$(inherited) @executable_path/Frameworks @loader_path/Frameworks";
				PRODUCT_BUNDLE_IDENTIFIER = "com.Michael.$(PRODUCT_NAME:rfc1034identifier)";
				PRODUCT_NAME = "$(TARGET_NAME)";
				TEST_HOST = "$(BUILT_PRODUCTS_DIR)/CheckList.app/CheckList";
			};
			name = Release;
		};
/* End XCBuildConfiguration section */

/* Begin XCConfigurationList section */
		4C8DCF861B96AABC00E4C208 /* Build configuration list for PBXProject "CheckList" */ = {
			isa = XCConfigurationList;
			buildConfigurations = (
				4C8DCFAC1B96AABC00E4C208 /* Debug */,
				4C8DCFAD1B96AABC00E4C208 /* Release */,
			);
			defaultConfigurationIsVisible = 0;
			defaultConfigurationName = Release;
		};
		4C8DCFAE1B96AABC00E4C208 /* Build configuration list for PBXNativeTarget "CheckList" */ = {
			isa = XCConfigurationList;
			buildConfigurations = (
				4C8DCFAF1B96AABC00E4C208 /* Debug */,
				4C8DCFB01B96AABC00E4C208 /* Release */,
			);
			defaultConfigurationIsVisible = 0;
			defaultConfigurationName = Release;
		};
		4C8DCFB11B96AABC00E4C208 /* Build configuration list for PBXNativeTarget "CheckListTests" */ = {
			isa = XCConfigurationList;
			buildConfigurations = (
				4C8DCFB21B96AABC00E4C208 /* Debug */,
				4C8DCFB31B96AABC00E4C208 /* Release */,
			);
			defaultConfigurationIsVisible = 0;
			defaultConfigurationName = Release;
		};
/* End XCConfigurationList section */
	};
	rootObject = 4C8DCF831B96AABC00E4C208 /* Project object */;
}
